
Microsoft Visual Studio Solution File, Format Version 12.00
# Visual Studio Version 16
VisualStudioVersion = 16.0.29519.87
MinimumVisualStudioVersion = 10.0.40219.1
Project("{FAE04EC0-301F-11D3-BF4B-00C04F79EFBC}") = "ChrisCesenWK6Lab", "ChrisCesenWK6Lab\ChrisCesenWK6Lab.csproj", "{BCF2030B-73DA-4151-B9AB-6EEF61822B92}"
EndProject
Global
	GlobalSection(SolutionConfigurationPlatforms) = preSolution
		Debug|Any CPU = Debug|Any CPU
		Release|Any CPU = Release|Any CPU
	EndGlobalSection
	GlobalSection(ProjectConfigurationPlatforms) = postSolution
		{BCF2030B-73DA-4151-B9AB-6EEF61822B92}.Debug|Any CPU.ActiveCfg = Debug|Any CPU
		{BCF2030B-73DA-4151-B9AB-6EEF61822B92}.Debug|Any CPU.Build.0 = Debug|Any CPU
		{BCF2030B-73DA-4151-B9AB-6EEF61822B92}.Release|Any CPU.ActiveCfg = Release|Any CPU
		{BCF2030B-73DA-4151-B9AB-6EEF61822B92}.Release|Any CPU.Build.0 = Release|Any CPU
	EndGlobalSection
	GlobalSection(SolutionProperties) = preSolution
		HideSolutionNode = FALSE
	EndGlobalSection
	GlobalSection(ExtensibilityGlobals) = postSolution
		SolutionGuid = {60699C8D-0C7F-4116-B165-E7A7DEBD4584}
	EndGlobalSection
EndGlobal
